<?xml version="1.0" encoding="utf-8"?>
<Project ToolsVersion="4.0" xmlns="http://schemas.microsoft.com/developer/msbuild/2003">
  <ItemGroup>
    <Filter Include="Файлы исходного кода">
      <UniqueIdentifier>{4FC737F1-C7A5-4376-A066-2A32D752A2FF}</UniqueIdentifier>
      <Extensions>cpp;c;cc;cxx;def;odl;idl;hpj;bat;asm;asmx</Extensions>
    </Filter>
    <Filter Include="Файлы ресурсов">
      <UniqueIdentifier>{67DA6AB6-F800-4c08-8B7A-83BB121AAD01}</UniqueIdentifier>
      <Extensions>rc;ico;cur;bmp;dlg;rc2;rct;bin;rgs;gif;jpg;jpeg;jpe;resx;tiff;tif;png;wav;mfcribbon-ms</Extensions>
    </Filter>
    <Filter Include="Файлы исходного кода\math">
      <UniqueIdentifier>{9d8c2299-a0a4-4e70-9eb7-b1fe18efb5ac}</UniqueIdentifier>
    </Filter>
    <Filter Include="Файлы исходного кода\core">
      <UniqueIdentifier>{fcbf48b2-ffdb-4a8f-a4b1-a137ed2f8ec2}</UniqueIdentifier>
    </Filter>
  </ItemGroup>
  <ItemGroup>
    <None Include="ReadMe.txt" />
  </ItemGroup>
  <ItemGroup>
    <ClCompile Include="driver_level.cpp">
      <Filter>Файлы исходного кода</Filter>
    </ClCompile>
    <ClCompile Include="textures.cpp">
      <Filter>Файлы исходного кода</Filter>
    </ClCompile>
    <ClCompile Include="models.cpp">
      <Filter>Файлы исходного кода</Filter>
    </ClCompile>
    <ClCompile Include="regions.cpp">
      <Filter>Файлы исходного кода</Filter>
    </ClCompile>
    <ClCompile Include="level.cpp">
      <Filter>Файлы исходного кода</Filter>
    </ClCompile>
    <ClCompile Include="math\Matrix.cpp">
      <Filter>Файлы исходного кода\math</Filter>
    </ClCompile>
    <ClCompile Include="math\Vector.cpp">
      <Filter>Файлы исходного кода\math</Filter>
    </ClCompile>
    <ClCompile Include="core\cmdlib.cpp">
      <Filter>Файлы исходного кода\core</Filter>
    </ClCompile>
    <ClCompile Include="core\VirtualStream.cpp">
      <Filter>Файлы исходного кода\core</Filter>
    </ClCompile>
    <ClCompile Include="rnc2.cpp">
      <Filter>Файлы исходного кода</Filter>
    </ClCompile>
  </ItemGroup>
  <ItemGroup>
    <ClInclude Include="textures.h">
      <Filter>Файлы исходного кода</Filter>
    </ClInclude>
    <ClInclude Include="driver_level.h">
      <Filter>Файлы исходного кода</Filter>
    </ClInclude>
    <ClInclude Include="models.h">
      <Filter>Файлы исходного кода</Filter>
    </ClInclude>
    <ClInclude Include="regions.h">
      <Filter>Файлы исходного кода</Filter>
    </ClInclude>
    <ClInclude Include="level.h">
      <Filter>Файлы исходного кода</Filter>
    </ClInclude>
    <ClInclude Include="math\Matrix.h">
      <Filter>Файлы исходного кода\math</Filter>
    </ClInclude>
    <ClInclude Include="math\Matrix_Inline.h">
      <Filter>Файлы исходного кода\math</Filter>
    </ClInclude>
    <ClInclude Include="math\Vector.h">
      <Filter>Файлы исходного кода\math</Filter>
    </ClInclude>
    <ClInclude Include="math\Vector_Inline.h">
      <Filter>Файлы исходного кода\math</Filter>
    </ClInclude>
    <ClInclude Include="core\cmdlib.h">
      <Filter>Файлы исходного кода\core</Filter>
    </ClInclude>
    <ClInclude Include="core\IVirtualStream.h">
      <Filter>Файлы исходного кода\core</Filter>
    </ClInclude>
    <ClInclude Include="core\VirtualStream.h">
      <Filter>Файлы исходного кода\core</Filter>
    </ClInclude>
    <ClInclude Include="psx_math_types.h">
      <Filter>Файлы исходного кода</Filter>
    </ClInclude>
    <ClInclude Include="core\util.h">
      <Filter>Файлы исходного кода\core</Filter>
    </ClInclude>
    <ClInclude Include="rnc2.h">
      <Filter>Файлы исходного кода</Filter>
    </ClInclude>
  </ItemGroup>
</Project>